
Microsoft Visual Studio Solution File, Format Version 12.00
# Visual Studio Version 17
VisualStudioVersion = 17.3.32929.385
MinimumVisualStudioVersion = 10.0.40219.1
Project("{FAE04EC0-301F-11D3-BF4B-00C04F79EFBC}") = "WindowsFormsApp1", "WindowsFormsApp1\WindowsFormsApp1.csproj", "{3C6BFBC6-A16E-4C08-8D60-FA2F9051FE7F}"
EndProject
Global
	GlobalSection(SolutionConfigurationPlatforms) = preSolution
		Debug|Any CPU = Debug|Any CPU
		Release|Any CPU = Release|Any CPU
	EndGlobalSection
	GlobalSection(ProjectConfigurationPlatforms) = postSolution
		{3C6BFBC6-A16E-4C08-8D60-FA2F9051FE7F}.Debug|Any CPU.ActiveCfg = Debug|Any CPU
		{3C6BFBC6-A16E-4C08-8D60-FA2F9051FE7F}.Debug|Any CPU.Build.0 = Debug|Any CPU
		{3C6BFBC6-A16E-4C08-8D60-FA2F9051FE7F}.Release|Any CPU.ActiveCfg = Release|Any CPU
		{3C6BFBC6-A16E-4C08-8D60-FA2F9051FE7F}.Release|Any CPU.Build.0 = Release|Any CPU
	EndGlobalSection
	GlobalSection(SolutionProperties) = preSolution
		HideSolutionNode = FALSE
	EndGlobalSection
	GlobalSection(ExtensibilityGlobals) = postSolution
		SolutionGuid = {2F9F7EEC-155B-44D1-B220-34B979B02CD9}
	EndGlobalSection
EndGlobal
